// !$*UTF8*$!
{
	archiveVersion = 1;
	classes = {
	};
	objectVersion = 55;
	objects = {

/* Begin PBXBuildFile section */
		C199D2CA27EE0DE9008EF82A /* QRcodeScanApp.swift in Sources */ = {isa = PBXBuildFile; fileRef = C199D2C927EE0DE9008EF82A /* QRcodeScanApp.swift */; };
		C199D2CC27EE0DE9008EF82A /* ContentView.swift in Sources */ = {isa = PBXBuildFile; fileRef = C199D2CB27EE0DE9008EF82A /* ContentView.swift */; };
		C199D2CE27EE0DE9008EF82A /* Assets.xcassets in Resources */ = {isa = PBXBuildFile; fileRef = C199D2CD27EE0DE9008EF82A /* Assets.xcassets */; };
		C199D2D127EE0DE9008EF82A /* Preview Assets.xcassets in Resources */ = {isa = PBXBuildFile; fileRef = C199D2D027EE0DE9008EF82A /* Preview Assets.xcassets */; };
		C199D2DB27EE0DE9008EF82A /* QRcodeScanTests.swift in Sources */ = {isa = PBXBuildFile; fileRef = C199D2DA27EE0DE9008EF82A /* QRcodeScanTests.swift */; };
		C199D2E527EE0DE9008EF82A /* QRcodeScanUITests.swift in Sources */ = {isa = PBXBuildFile; fileRef = C199D2E427EE0DE9008EF82A /* QRcodeScanUITests.swift */; };
		C199D2E727EE0DE9008EF82A /* QRcodeScanUITestsLaunchTests.swift in Sources */ = {isa = PBXBuildFile; fileRef = C199D2E627EE0DE9008EF82A /* QRcodeScanUITestsLaunchTests.swift */; };
/* End PBXBuildFile section */

/* Begin PBXContainerItemProxy section */
		C199D2D727EE0DE9008EF82A /* PBXContainerItemProxy */ = {
			isa = PBXContainerItemProxy;
			containerPortal = C199D2BE27EE0DE9008EF82A /* Project object */;
			proxyType = 1;
			remoteGlobalIDString = C199D2C527EE0DE9008EF82A;
			remoteInfo = QRcodeScan;
		};
		C199D2E127EE0DE9008EF82A /* PBXContainerItemProxy */ = {
			isa = PBXContainerItemProxy;
			containerPortal = C199D2BE27EE0DE9008EF82A /* Project object */;
			proxyType = 1;
			remoteGlobalIDString = C199D2C527EE0DE9008EF82A;
			remoteInfo = QRcodeScan;
		};
/* End PBXContainerItemProxy section */

/* Begin PBXFileReference section */
		C199D2C627EE0DE9008EF82A /* QRcodeScan.app */ = {isa = PBXFileReference; explicitFileType = wrapper.application; includeInIndex = 0; path = QRcodeScan.app; sourceTree = BUILT_PRODUCTS_DIR; };
		C199D2C927EE0DE9008EF82A /* QRcodeScanApp.swift */ = {isa = PBXFileReference; lastKnownFileType = sourcecode.swift; path = QRcodeScanApp.swift; sourceTree = "<group>"; };
		C199D2CB27EE0DE9008EF82A /* ContentView.swift */ = {isa = PBXFileReference; lastKnownFileType = sourcecode.swift; path = ContentView.swift; sourceTree = "<group>"; };
		C199D2CD27EE0DE9008EF82A /* Assets.xcassets */ = {isa = PBXFileReference; lastKnownFileType = folder.assetcatalog; path = Assets.xcassets; sourceTree = "<group>"; };
		C199D2D027EE0DE9008EF82A /* Preview Assets.xcassets */ = {isa = PBXFileReference; lastKnownFileType = folder.assetcatalog; path = "Preview Assets.xcassets"; sourceTree = "<group>"; };
		C199D2D627EE0DE9008EF82A /* QRcodeScanTests.xctest */ = {isa = PBXFileReference; explicitFileType = wrapper.cfbundle; includeInIndex = 0; path = QRcodeScanTests.xctest; sourceTree = BUILT_PRODUCTS_DIR; };
		C199D2DA27EE0DE9008EF82A /* QRcodeScanTests.swift */ = {isa = PBXFileReference; lastKnownFileType = sourcecode.swift; path = QRcodeScanTests.swift; sourceTree = "<group>"; };
		C199D2E027EE0DE9008EF82A /* QRcodeScanUITests.xctest */ = {isa = PBXFileReference; explicitFileType = wrapper.cfbundle; includeInIndex = 0; path = QRcodeScanUITests.xctest; sourceTree = BUILT_PRODUCTS_DIR; };
		C199D2E427EE0DE9008EF82A /* QRcodeScanUITests.swift */ = {isa = PBXFileReference; lastKnownFileType = sourcecode.swift; path = QRcodeScanUITests.swift; sourceTree = "<group>"; };
		C199D2E627EE0DE9008EF82A /* QRcodeScanUITestsLaunchTests.swift */ = {isa = PBXFileReference; lastKnownFileType = sourcecode.swift; path = QRcodeScanUITestsLaunchTests.swift; sourceTree = "<group>"; };
/* End PBXFileReference section */

/* Begin PBXFrameworksBuildPhase section */
		C199D2C327EE0DE9008EF82A /* Frameworks */ = {
			isa = PBXFrameworksBuildPhase;
			buildActionMask = 2147483647;
			files = (
			);
			runOnlyForDeploymentPostprocessing = 0;
		};
		C199D2D327EE0DE9008EF82A /* Frameworks */ = {
			isa = PBXFrameworksBuildPhase;
			buildActionMask = 2147483647;
			files = (
			);
			runOnlyForDeploymentPostprocessing = 0;
		};
		C199D2DD27EE0DE9008EF82A /* Frameworks */ = {
			isa = PBXFrameworksBuildPhase;
			buildActionMask = 2147483647;
			files = (
			);
			runOnlyForDeploymentPostprocessing = 0;
		};
/* End PBXFrameworksBuildPhase section */

/* Begin PBXGroup section */
		C199D2BD27EE0DE8008EF82A = {
			isa = PBXGroup;
			children = (
				C199D2C827EE0DE9008EF82A /* QRcodeScan */,
				C199D2D927EE0DE9008EF82A /* QRcodeScanTests */,
				C199D2E327EE0DE9008EF82A /* QRcodeScanUITests */,
				C199D2C727EE0DE9008EF82A /* Products */,
			);
			sourceTree = "<group>";
		};
		C199D2C727EE0DE9008EF82A /* Products */ = {
			isa = PBXGroup;
			children = (
				C199D2C627EE0DE9008EF82A /* QRcodeScan.app */,
				C199D2D627EE0DE9008EF82A /* QRcodeScanTests.xctest */,
				C199D2E027EE0DE9008EF82A /* QRcodeScanUITests.xctest */,
			);
			name = Products;
			sourceTree = "<group>";
		};
		C199D2C827EE0DE9008EF82A /* QRcodeScan */ = {
			isa = PBXGroup;
			children = (
				C199D2C927EE0DE9008EF82A /* QRcodeScanApp.swift */,
				C199D2CB27EE0DE9008EF82A /* ContentView.swift */,
				C199D2CD27EE0DE9008EF82A /* Assets.xcassets */,
				C199D2CF27EE0DE9008EF82A /* Preview Content */,
			);
			path = QRcodeScan;
			sourceTree = "<group>";
		};
		C199D2CF27EE0DE9008EF82A /* Preview Content */ = {
			isa = PBXGroup;
			children = (
				C199D2D027EE0DE9008EF82A /* Preview Assets.xcassets */,
			);
			path = "Preview Content";
			sourceTree = "<group>";
		};
		C199D2D927EE0DE9008EF82A /* QRcodeScanTests */ = {
			isa = PBXGroup;
			children = (
				C199D2DA27EE0DE9008EF82A /* QRcodeScanTests.swift */,
			);
			path = QRcodeScanTests;
			sourceTree = "<group>";
		};
		C199D2E327EE0DE9008EF82A /* QRcodeScanUITests */ = {
			isa = PBXGroup;
			children = (
				C199D2E427EE0DE9008EF82A /* QRcodeScanUITests.swift */,
				C199D2E627EE0DE9008EF82A /* QRcodeScanUITestsLaunchTests.swift */,
			);
			path = QRcodeScanUITests;
			sourceTree = "<group>";
		};
/* End PBXGroup section */

/* Begin PBXNativeTarget section */
		C199D2C527EE0DE9008EF82A /* QRcodeScan */ = {
			isa = PBXNativeTarget;
			buildConfigurationList = C199D2EA27EE0DE9008EF82A /* Build configuration list for PBXNativeTarget "QRcodeScan" */;
			buildPhases = (
				C199D2C227EE0DE9008EF82A /* Sources */,
				C199D2C327EE0DE9008EF82A /* Frameworks */,
				C199D2C427EE0DE9008EF82A /* Resources */,
			);
			buildRules = (
			);
			dependencies = (
			);
			name = QRcodeScan;
			productName = QRcodeScan;
			productReference = C199D2C627EE0DE9008EF82A /* QRcodeScan.app */;
			productType = "com.apple.product-type.application";
		};
		C199D2D527EE0DE9008EF82A /* QRcodeScanTests */ = {
			isa = PBXNativeTarget;
			buildConfigurationList = C199D2ED27EE0DE9008EF82A /* Build configuration list for PBXNativeTarget "QRcodeScanTests" */;
			buildPhases = (
				C199D2D227EE0DE9008EF82A /* Sources */,
				C199D2D327EE0DE9008EF82A /* Frameworks */,
				C199D2D427EE0DE9008EF82A /* Resources */,
			);
			buildRules = (
			);
			dependencies = (
				C199D2D827EE0DE9008EF82A /* PBXTargetDependency */,
			);
			name = QRcodeScanTests;
			productName = QRcodeScanTests;
			productReference = C199D2D627EE0DE9008EF82A /* QRcodeScanTests.xctest */;
			productType = "com.apple.product-type.bundle.unit-test";
		};
		C199D2DF27EE0DE9008EF82A /* QRcodeScanUITests */ = {
			isa = PBXNativeTarget;
			buildConfigurationList = C199D2F027EE0DE9008EF82A /* Build configuration list for PBXNativeTarget "QRcodeScanUITests" */;
			buildPhases = (
				C199D2DC27EE0DE9008EF82A /* Sources */,
				C199D2DD27EE0DE9008EF82A /* Frameworks */,
				C199D2DE27EE0DE9008EF82A /* Resources */,
			);
			buildRules = (
			);
			dependencies = (
				C199D2E227EE0DE9008EF82A /* PBXTargetDependency */,
			);
			name = QRcodeScanUITests;
			productName = QRcodeScanUITests;
			productReference = C199D2E027EE0DE9008EF82A /* QRcodeScanUITests.xctest */;
			productType = "com.apple.product-type.bundle.ui-testing";
		};
/* End PBXNativeTarget section */

/* Begin PBXProject section */
		C199D2BE27EE0DE9008EF82A /* Project object */ = {
			isa = PBXProject;
			attributes = {
				BuildIndependentTargetsInParallel = 1;
				LastSwiftUpdateCheck = 1330;
				LastUpgradeCheck = 1330;
				TargetAttributes = {
					C199D2C527EE0DE9008EF82A = {
						CreatedOnToolsVersion = 13.3;
					};
					C199D2D527EE0DE9008EF82A = {
						CreatedOnToolsVersion = 13.3;
						TestTargetID = C199D2C527EE0DE9008EF82A;
					};
					C199D2DF27EE0DE9008EF82A = {
						CreatedOnToolsVersion = 13.3;
						TestTargetID = C199D2C527EE0DE9008EF82A;
					};
				};
			};
			buildConfigurationList = C199D2C127EE0DE9008EF82A /* Build configuration list for PBXProject "QRcodeScan" */;
			compatibilityVersion = "Xcode 13.0";
			developmentRegion = en;
			hasScannedForEncodings = 0;
			knownRegions = (
				en,
				Base,
			);
			mainGroup = C199D2BD27EE0DE8008EF82A;
			productRefGroup = C199D2C727EE0DE9008EF82A /* Products */;
			projectDirPath = "";
			projectRoot = "";
			targets = (
				C199D2C527EE0DE9008EF82A /* QRcodeScan */,
				C199D2D527EE0DE9008EF82A /* QRcodeScanTests */,
				C199D2DF27EE0DE9008EF82A /* QRcodeScanUITests */,
			);
		};
/* End PBXProject section */

/* Begin PBXResourcesBuildPhase section */
		C199D2C427EE0DE9008EF82A /* Resources */ = {
			isa = PBXResourcesBuildPhase;
			buildActionMask = 2147483647;
			files = (
				C199D2D127EE0DE9008EF82A /* Preview Assets.xcassets in Resources */,
				C199D2CE27EE0DE9008EF82A /* Assets.xcassets in Resources */,
			);
			runOnlyForDeploymentPostprocessing = 0;
		};
		C199D2D427EE0DE9008EF82A /* Resources */ = {
			isa = PBXResourcesBuildPhase;
			buildActionMask = 2147483647;
			files = (
			);
			runOnlyForDeploymentPostprocessing = 0;
		};
		C199D2DE27EE0DE9008EF82A /* Resources */ = {
			isa = PBXResourcesBuildPhase;
			buildActionMask = 2147483647;
			files = (
			);
			runOnlyForDeploymentPostprocessing = 0;
		};
/* End PBXResourcesBuildPhase section */

/* Begin PBXSourcesBuildPhase section */
		C199D2C227EE0DE9008EF82A /* Sources */ = {
			isa = PBXSourcesBuildPhase;
			buildActionMask = 2147483647;
			files = (
				C199D2CC27EE0DE9008EF82A /* ContentView.swift in Sources */,
				C199D2CA27EE0DE9008EF82A /* QRcodeScanApp.swift in Sources */,
			);
			runOnlyForDeploymentPostprocessing = 0;
		};
		C199D2D227EE0DE9008EF82A /* Sources */ = {
			isa = PBXSourcesBuildPhase;
			buildActionMask = 2147483647;
			files = (
				C199D2DB27EE0DE9008EF82A /* QRcodeScanTests.swift in Sources */,
			);
			runOnlyForDeploymentPostprocessing = 0;
		};
		C199D2DC27EE0DE9008EF82A /* Sources */ = {
			isa = PBXSourcesBuildPhase;
			buildActionMask = 2147483647;
			files = (
				C199D2E527EE0DE9008EF82A /* QRcodeScanUITests.swift in Sources */,
				C199D2E727EE0DE9008EF82A /* QRcodeScanUITestsLaunchTests.swift in Sources */,
			);
			runOnlyForDeploymentPostprocessing = 0;
		};
/* End PBXSourcesBuildPhase section */

/* Begin PBXTargetDependency section */
		C199D2D827EE0DE9008EF82A /* PBXTargetDependency */ = {
			isa = PBXTargetDependency;
			target = C199D2C527EE0DE9008EF82A /* QRcodeScan */;
			targetProxy = C199D2D727EE0DE9008EF82A /* PBXContainerItemProxy */;
		};
		C199D2E227EE0DE9008EF82A /* PBXTargetDependency */ = {
			isa = PBXTargetDependency;
			target = C199D2C527EE0DE9008EF82A /* QRcodeScan */;
			targetProxy = C199D2E127EE0DE9008EF82A /* PBXContainerItemProxy */;
		};
/* End PBXTargetDependency section */

/* Begin XCBuildConfiguration section */
		C199D2E827EE0DE9008EF82A /* Debug */ = {
			isa = XCBuildConfiguration;
			buildSettings = {
				ALWAYS_SEARCH_USER_PATHS = NO;
				CLANG_ANALYZER_NONNULL = YES;
				CLANG_ANALYZER_NUMBER_OBJECT_CONVERSION = YES_AGGRESSIVE;
				CLANG_CXX_LANGUAGE_STANDARD = "gnu++17";
				CLANG_ENABLE_MODULES = YES;
				CLANG_ENABLE_OBJC_ARC = YES;
				CLANG_ENABLE_OBJC_WEAK = YES;
				CLANG_WARN_BLOCK_CAPTURE_AUTORELEASING = YES;
				CLANG_WARN_BOOL_CONVERSION = YES;
				CLANG_WARN_COMMA = YES;
				CLANG_WARN_CONSTANT_CONVERSION = YES;
				CLANG_WARN_DEPRECATED_OBJC_IMPLEMENTATIONS = YES;
				CLANG_WARN_DIRECT_OBJC_ISA_USAGE = YES_ERROR;
				CLANG_WARN_DOCUMENTATION_COMMENTS = YES;
				CLANG_WARN_EMPTY_BODY = YES;
				CLANG_WARN_ENUM_CONVERSION = YES;
				CLANG_WARN_INFINITE_RECURSION = YES;
				CLANG_WARN_INT_CONVERSION = YES;
				CLANG_WARN_NON_LITERAL_NULL_CONVERSION = YES;
				CLANG_WARN_OBJC_IMPLICIT_RETAIN_SELF = YES;
				CLANG_WARN_OBJC_LITERAL_CONVERSION = YES;
				CLANG_WARN_OBJC_ROOT_CLASS = YES_ERROR;
				CLANG_WARN_QUOTED_INCLUDE_IN_FRAMEWORK_HEADER = YES;
				CLANG_WARN_RANGE_LOOP_ANALYSIS = YES;
				CLANG_WARN_STRICT_PROTOTYPES = YES;
				CLANG_WARN_SUSPICIOUS_MOVE = YES;
				CLANG_WARN_UNGUARDED_AVAILABILITY = YES_AGGRESSIVE;
				CLANG_WARN_UNREACHABLE_CODE = YES;
				CLANG_WARN__DUPLICATE_METHOD_MATCH = YES;
				COPY_PHASE_STRIP = NO;
				DEBUG_INFORMATION_FORMAT = dwarf;
				ENABLE_STRICT_OBJC_MSGSEND = YES;
				ENABLE_TESTABILITY = YES;
				GCC_C_LANGUAGE_STANDARD = gnu11;
				GCC_DYNAMIC_NO_PIC = NO;
				GCC_NO_COMMON_BLOCKS = YES;
				GCC_OPTIMIZATION_LEVEL = 0;
				GCC_PREPROCESSOR_DEFINITIONS = (
					"DEBUG=1",
					"$(inherited)",
				);
				GCC_WARN_64_TO_32_BIT_CONVERSION = YES;
				GCC_WARN_ABOUT_RETURN_TYPE = YES_ERROR;
				GCC_WARN_UNDECLARED_SELECTOR = YES;
				GCC_WARN_UNINITIALIZED_AUTOS = YES_AGGRESSIVE;
				GCC_WARN_UNUSED_FUNCTION = YES;
				GCC_WARN_UNUSED_VARIABLE = YES;
				IPHONEOS_DEPLOYMENT_TARGET = 15.4;
				MTL_ENABLE_DEBUG_INFO = INCLUDE_SOURCE;
				MTL_FAST_MATH = YES;
				ONLY_ACTIVE_ARCH = YES;
				SDKROOT = iphoneos;
				SWIFT_ACTIVE_COMPILATION_CONDITIONS = DEBUG;
				SWIFT_OPTIMIZATION_LEVEL = "-Onone";
			};
			name = Debug;
		};
		C199D2E927EE0DE9008EF82A /* Release */ = {
			isa = XCBuildConfiguration;
			buildSettings = {
				ALWAYS_SEARCH_USER_PATHS = NO;
				CLANG_ANALYZER_NONNULL = YES;
				CLANG_ANALYZER_NUMBER_OBJECT_CONVERSION = YES_AGGRESSIVE;
				CLANG_CXX_LANGUAGE_STANDARD = "gnu++17";
				CLANG_ENABLE_MODULES = YES;
				CLANG_ENABLE_OBJC_ARC = YES;
				CLANG_ENABLE_OBJC_WEAK = YES;
				CLANG_WARN_BLOCK_CAPTURE_AUTORELEASING = YES;
				CLANG_WARN_BOOL_CONVERSION = YES;
				CLANG_WARN_COMMA = YES;
				CLANG_WARN_CONSTANT_CONVERSION = YES;
				CLANG_WARN_DEPRECATED_OBJC_IMPLEMENTATIONS = YES;
				CLANG_WARN_DIRECT_OBJC_ISA_USAGE = YES_ERROR;
				CLANG_WARN_DOCUMENTATION_COMMENTS = YES;
				CLANG_WARN_EMPTY_BODY = YES;
				CLANG_WARN_ENUM_CONVERSION = YES;
				CLANG_WARN_INFINITE_RECURSION = YES;
				CLANG_WARN_INT_CONVERSION = YES;
				CLANG_WARN_NON_LITERAL_NULL_CONVERSION = YES;
				CLANG_WARN_OBJC_IMPLICIT_RETAIN_SELF = YES;
				CLANG_WARN_OBJC_LITERAL_CONVERSION = YES;
				CLANG_WARN_OBJC_ROOT_CLASS = YES_ERROR;
				CLANG_WARN_QUOTED_INCLUDE_IN_FRAMEWORK_HEADER = YES;
				CLANG_WARN_RANGE_LOOP_ANALYSIS = YES;
				CLANG_WARN_STRICT_PROTOTYPES = YES;
				CLANG_WARN_SUSPICIOUS_MOVE = YES;
				CLANG_WARN_UNGUARDED_AVAILABILITY = YES_AGGRESSIVE;
				CLANG_WARN_UNREACHABLE_CODE = YES;
				CLANG_WARN__DUPLICATE_METHOD_MATCH = YES;
				COPY_PHASE_STRIP = NO;
				DEBUG_INFORMATION_FORMAT = "dwarf-with-dsym";
				ENABLE_NS_ASSERTIONS = NO;
				ENABLE_STRICT_OBJC_MSGSEND = YES;
				GCC_C_LANGUAGE_STANDARD = gnu11;
				GCC_NO_COMMON_BLOCKS = YES;
				GCC_WARN_64_TO_32_BIT_CONVERSION = YES;
				GCC_WARN_ABOUT_RETURN_TYPE = YES_ERROR;
				GCC_WARN_UNDECLARED_SELECTOR = YES;
				GCC_WARN_UNINITIALIZED_AUTOS = YES_AGGRESSIVE;
				GCC_WARN_UNUSED_FUNCTION = YES;
				GCC_WARN_UNUSED_VARIABLE = YES;
				IPHONEOS_DEPLOYMENT_TARGET = 15.4;
				MTL_ENABLE_DEBUG_INFO = NO;
				MTL_FAST_MATH = YES;
				SDKROOT = iphoneos;
				SWIFT_COMPILATION_MODE = wholemodule;
				SWIFT_OPTIMIZATION_LEVEL = "-O";
				VALIDATE_PRODUCT = YES;
			};
			name = Release;
		};
		C199D2EB27EE0DE9008EF82A /* Debug */ = {
			isa = XCBuildConfiguration;
			buildSettings = {
				ASSETCATALOG_COMPILER_APPICON_NAME = AppIcon;
				ASSETCATALOG_COMPILER_GLOBAL_ACCENT_COLOR_NAME = AccentColor;
				CODE_SIGN_STYLE = Automatic;
				CURRENT_PROJECT_VERSION = 1;
				DEVELOPMENT_ASSET_PATHS = "\"QRcodeScan/Preview Content\"";
				DEVELOPMENT_TEAM = SAQDX7HVAX;
				ENABLE_PREVIEWS = YES;
				GENERATE_INFOPLIST_FILE = YES;
				INFOPLIST_KEY_UIApplicationSceneManifest_Generation = YES;
				INFOPLIST_KEY_UIApplicationSupportsIndirectInputEvents = YES;
				INFOPLIST_KEY_UILaunchScreen_Generation = YES;
				INFOPLIST_KEY_UISupportedInterfaceOrientations_iPad = "UIInterfaceOrientationPortrait UIInterfaceOrientationPortraitUpsideDown UIInterfaceOrientationLandscapeLeft UIInterfaceOrientationLandscapeRight";
				INFOPLIST_KEY_UISupportedInterfaceOrientations_iPhone = "UIInterfaceOrientationPortrait UIInterfaceOrientationLandscapeLeft UIInterfaceOrientationLandscapeRight";
				IPHONEOS_DEPLOYMENT_TARGET = 14.7;
				LD_RUNPATH_SEARCH_PATHS = (
					"$(inherited)",
					"@executable_path/Frameworks",
				);
				MARKETING_VERSION = 1.0;
				PRODUCT_BUNDLE_IDENTIFIER = "com.example.apple-samplecode.QRcodeScan";
				PRODUCT_NAME = "$(TARGET_NAME)";
				SWIFT_EMIT_LOC_STRINGS = YES;
				SWIFT_VERSION = 5.0;
				TARGETED_DEVICE_FAMILY = "1,2";
			};
			name = Debug;
		};
		C199D2EC27EE0DE9008EF82A /* Release */ = {
			isa = XCBuildConfiguration;
			buildSettings = {
				ASSETCATALOG_COMPILER_APPICON_NAME = AppIcon;
				ASSETCATALOG_COMPILER_GLOBAL_ACCENT_COLOR_NAME = AccentColor;
				CODE_SIGN_STYLE = Automatic;
				CURRENT_PROJECT_VERSION = 1;
				DEVELOPMENT_ASSET_PATHS = "\"QRcodeScan/Preview Content\"";
				DEVELOPMENT_TEAM = SAQDX7HVAX;
				ENABLE_PREVIEWS = YES;
				GENERATE_INFOPLIST_FILE = YES;
				INFOPLIST_KEY_UIApplicationSceneManifest_Generation = YES;
				INFOPLIST_KEY_UIApplicationSupportsIndirectInputEvents = YES;
				INFOPLIST_KEY_UILaunchScreen_Generation = YES;
				INFOPLIST_KEY_UISupportedInterfaceOrientations_iPad = "UIInterfaceOrientationPortrait UIInterfaceOrientationPortraitUpsideDown UIInterfaceOrientationLandscapeLeft UIInterfaceOrientationLandscapeRight";
				INFOPLIST_KEY_UISupportedInterfaceOrientations_iPhone = "UIInterfaceOrientationPortrait UIInterfaceOrientationLandscapeLeft UIInterfaceOrientationLandscapeRight";
				IPHONEOS_DEPLOYMENT_TARGET = 14.7;
				LD_RUNPATH_SEARCH_PATHS = (
					"$(inherited)",
					"@executable_path/Frameworks",
				);
				MARKETING_VERSION = 1.0;
				PRODUCT_BUNDLE_IDENTIFIER = "com.example.apple-samplecode.QRcodeScan";
				PRODUCT_NAME = "$(TARGET_NAME)";
				SWIFT_EMIT_LOC_STRINGS = YES;
				SWIFT_VERSION = 5.0;
				TARGETED_DEVICE_FAMILY = "1,2";
			};
			name = Release;
		};
		C199D2EE27EE0DE9008EF82A /* Debug */ = {
			isa = XCBuildConfiguration;
			buildSettings = {
				ALWAYS_EMBED_SWIFT_STANDARD_LIBRARIES = YES;
				BUNDLE_LOADER = "$(TEST_HOST)";
				CODE_SIGN_STYLE = Automatic;
				CURRENT_PROJECT_VERSION = 1;
				DEVELOPMENT_TEAM = SAQDX7HVAX;
				GENERATE_INFOPLIST_FILE = YES;
				IPHONEOS_DEPLOYMENT_TARGET = 15.4;
				MARKETING_VERSION = 1.0;
				PRODUCT_BUNDLE_IDENTIFIER = "com.example.apple-samplecode.QRcodeScanTests";
				PRODUCT_NAME = "$(TARGET_NAME)";
				SWIFT_EMIT_LOC_STRINGS = NO;
				SWIFT_VERSION = 5.0;
				TARGETED_DEVICE_FAMILY = "1,2";
				TEST_HOST = "$(BUILT_PRODUCTS_DIR)/QRcodeScan.app/QRcodeScan";
			};
			name = Debug;
		};
		C199D2EF27EE0DE9008EF82A /* Release */ = {
			isa = XCBuildConfiguration;
			buildSettings = {
				ALWAYS_EMBED_SWIFT_STANDARD_LIBRARIES = YES;
				BUNDLE_LOADER = "$(TEST_HOST)";
				CODE_SIGN_STYLE = Automatic;
				CURRENT_PROJECT_VERSION = 1;
				DEVELOPMENT_TEAM = SAQDX7HVAX;
				GENERATE_INFOPLIST_FILE = YES;
				IPHONEOS_DEPLOYMENT_TARGET = 15.4;
				MARKETING_VERSION = 1.0;
				PRODUCT_BUNDLE_IDENTIFIER = "com.example.apple-samplecode.QRcodeScanTests";
				PRODUCT_NAME = "$(TARGET_NAME)";
				SWIFT_EMIT_LOC_STRINGS = NO;
				SWIFT_VERSION = 5.0;
				TARGETED_DEVICE_FAMILY = "1,2";
				TEST_HOST = "$(BUILT_PRODUCTS_DIR)/QRcodeScan.app/QRcodeScan";
			};
			name = Release;
		};
		C199D2F127EE0DE9008EF82A /* Debug */ = {
			isa = XCBuildConfiguration;
			buildSettings = {
				ALWAYS_EMBED_SWIFT_STANDARD_LIBRARIES = YES;
				CODE_SIGN_STYLE = Automatic;
				CURRENT_PROJECT_VERSION = 1;
				DEVELOPMENT_TEAM = SAQDX7HVAX;
				GENERATE_INFOPLIST_FILE = YES;
				MARKETING_VERSION = 1.0;
				PRODUCT_BUNDLE_IDENTIFIER = "com.example.apple-samplecode.QRcodeScanUITests";
				PRODUCT_NAME = "$(TARGET_NAME)";
				SWIFT_EMIT_LOC_STRINGS = NO;
				SWIFT_VERSION = 5.0;
				TARGETED_DEVICE_FAMILY = "1,2";
				TEST_TARGET_NAME = QRcodeScan;
			};
			name = Debug;
		};
		C199D2F227EE0DE9008EF82A /* Release */ = {
			isa = XCBuildConfiguration;
			buildSettings = {
				ALWAYS_EMBED_SWIFT_STANDARD_LIBRARIES = YES;
				CODE_SIGN_STYLE = Automatic;
				CURRENT_PROJECT_VERSION = 1;
				DEVELOPMENT_TEAM = SAQDX7HVAX;
				GENERATE_INFOPLIST_FILE = YES;
				MARKETING_VERSION = 1.0;
				PRODUCT_BUNDLE_IDENTIFIER = "com.example.apple-samplecode.QRcodeScanUITests";
				PRODUCT_NAME = "$(TARGET_NAME)";
				SWIFT_EMIT_LOC_STRINGS = NO;
				SWIFT_VERSION = 5.0;
				TARGETED_DEVICE_FAMILY = "1,2";
				TEST_TARGET_NAME = QRcodeScan;
			};
			name = Release;
		};
/* End XCBuildConfiguration section */

/* Begin XCConfigurationList section */
		C199D2C127EE0DE9008EF82A /* Build configuration list for PBXProject "QRcodeScan" */ = {
			isa = XCConfigurationList;
			buildConfigurations = (
				C199D2E827EE0DE9008EF82A /* Debug */,
				C199D2E927EE0DE9008EF82A /* Release */,
			);
			defaultConfigurationIsVisible = 0;
			defaultConfigurationName = Release;
		};
		C199D2EA27EE0DE9008EF82A /* Build configuration list for PBXNativeTarget "QRcodeScan" */ = {
			isa = XCConfigurationList;
			buildConfigurations = (
				C199D2EB27EE0DE9008EF82A /* Debug */,
				C199D2EC27EE0DE9008EF82A /* Release */,
			);
			defaultConfigurationIsVisible = 0;
			defaultConfigurationName = Release;
		};
		C199D2ED27EE0DE9008EF82A /* Build configuration list for PBXNativeTarget "QRcodeScanTests" */ = {
			isa = XCConfigurationList;
			buildConfigurations = (
				C199D2EE27EE0DE9008EF82A /* Debug */,
				C199D2EF27EE0DE9008EF82A /* Release */,
			);
			defaultConfigurationIsVisible = 0;
			defaultConfigurationName = Release;
		};
		C199D2F027EE0DE9008EF82A /* Build configuration list for PBXNativeTarget "QRcodeScanUITests" */ = {
			isa = XCConfigurationList;
			buildConfigurations = (
				C199D2F127EE0DE9008EF82A /* Debug */,
				C199D2F227EE0DE9008EF82A /* Release */,
			);
			defaultConfigurationIsVisible = 0;
			defaultConfigurationName = Release;
		};
/* End XCConfigurationList section */
	};
	rootObject = C199D2BE27EE0DE9008EF82A /* Project object */;
}
